
Microsoft Visual Studio Solution File, Format Version 12.00
# Visual Studio Version 16
VisualStudioVersion = 16.0.32228.343
MinimumVisualStudioVersion = 10.0.40219.1
Project("{9A19103F-16F7-4668-BE54-9A1E7A4F7556}") = "task", "task\task.csproj", "{90B1374D-3A91-4030-906B-40E6007964A0}"
EndProject
Project("{FAE04EC0-301F-11D3-BF4B-00C04F79EFBC}") = "Tests", "Tests\Tests.csproj", "{69D59F1B-A849-4CE7-A25D-BC4D88D465EA}"
EndProject
Global
	GlobalSection(SolutionConfigurationPlatforms) = preSolution
		Debug|Any CPU = Debug|Any CPU
		Release|Any CPU = Release|Any CPU
	EndGlobalSection
	GlobalSection(ProjectConfigurationPlatforms) = postSolution
		{90B1374D-3A91-4030-906B-40E6007964A0}.Debug|Any CPU.ActiveCfg = Debug|Any CPU
		{90B1374D-3A91-4030-906B-40E6007964A0}.Debug|Any CPU.Build.0 = Debug|Any CPU
		{90B1374D-3A91-4030-906B-40E6007964A0}.Release|Any CPU.ActiveCfg = Release|Any CPU
		{90B1374D-3A91-4030-906B-40E6007964A0}.Release|Any CPU.Build.0 = Release|Any CPU
		{69D59F1B-A849-4CE7-A25D-BC4D88D465EA}.Debug|Any CPU.ActiveCfg = Debug|Any CPU
		{69D59F1B-A849-4CE7-A25D-BC4D88D465EA}.Debug|Any CPU.Build.0 = Debug|Any CPU
		{69D59F1B-A849-4CE7-A25D-BC4D88D465EA}.Release|Any CPU.ActiveCfg = Release|Any CPU
		{69D59F1B-A849-4CE7-A25D-BC4D88D465EA}.Release|Any CPU.Build.0 = Release|Any CPU
	EndGlobalSection
	GlobalSection(SolutionProperties) = preSolution
		HideSolutionNode = FALSE
	EndGlobalSection
	GlobalSection(ExtensibilityGlobals) = postSolution
		SolutionGuid = {A7A4F825-E2C2-453E-B295-F8A94B509320}
	EndGlobalSection
EndGlobal
